{
  "name": "blog",
  "lockfileVersion": 2,
  "requires": true,
  "packages": {
    "": {
      "dependencies": {
        "gitbook-plugin-chapter-fold": "^0.0.4",
        "gitbook-plugin-theme-fexa": "^1.0.6"
      }
    },
    "node_modules/gitbook-plugin-chapter-fold": {
      "version": "0.0.4",
      "resolved": "https://registry.nlark.com/gitbook-plugin-chapter-fold/download/gitbook-plugin-chapter-fold-0.0.4.tgz",
      "integrity": "sha1-3NWiH4C8vJjAiEGXdMOXrm1EY+8=",
      "engines": {
        "gitbook": ">=1.0.0"
      }
    },
    "node_modules/gitbook-plugin-theme-fexa": {
      "version": "1.0.6",
      "resolved": "https://registry.nlark.com/gitbook-plugin-theme-fexa/download/gitbook-plugin-theme-fexa-1.0.6.tgz",
      "integrity": "sha1-083SsmywRK5HZZeJFOuMPqynnuA=",
      "engines": {
        "gitbook": ">=3.0.0"
      }
    }
  },
  "dependencies": {
    "gitbook-plugin-chapter-fold": {
      "version": "0.0.4",
      "resolved": "https://registry.nlark.com/gitbook-plugin-chapter-fold/download/gitbook-plugin-chapter-fold-0.0.4.tgz",
      "integrity": "sha1-3NWiH4C8vJjAiEGXdMOXrm1EY+8="
    },
    "gitbook-plugin-theme-fexa": {
      "version": "1.0.6",
      "resolved": "https://registry.nlark.com/gitbook-plugin-theme-fexa/download/gitbook-plugin-theme-fexa-1.0.6.tgz",
      "integrity": "sha1-083SsmywRK5HZZeJFOuMPqynnuA="
    }
  }
}
